<?xml version="1.0" encoding="utf-8"?>
<Project ToolsVersion="4.0" xmlns="http://schemas.microsoft.com/developer/msbuild/2003">
  <ItemGroup>
    <ClCompile Include="NativeHello.cpp" />
    <ClCompile Include="NativeHello.Generated.cpp" />
  </ItemGroup>
  <ItemGroup>
    <ClInclude Include="NativeHello.h" />
    <ClInclude Include="pch.h" />
  </ItemGroup>
  <ItemGroup>
    <None Include="NativeHello.i" />
  </ItemGroup>
</Project>